
Microsoft Visual Studio Solution File, Format Version 12.00
# Visual Studio Version 16
VisualStudioVersion = 16.0.30621.155
MinimumVisualStudioVersion = 10.0.40219.1
Project("{FAE04EC0-301F-11D3-BF4B-00C04F79EFBC}") = "Promos", "Promos\Promos.csproj", "{697D470D-89C9-4119-9E4C-F4D2E5A3C313}"
EndProject
Global
	GlobalSection(SolutionConfigurationPlatforms) = preSolution
		Debug|Any CPU = Debug|Any CPU
		Release|Any CPU = Release|Any CPU
	EndGlobalSection
	GlobalSection(ProjectConfigurationPlatforms) = postSolution
		{697D470D-89C9-4119-9E4C-F4D2E5A3C313}.Debug|Any CPU.ActiveCfg = Debug|Any CPU
		{697D470D-89C9-4119-9E4C-F4D2E5A3C313}.Debug|Any CPU.Build.0 = Debug|Any CPU
		{697D470D-89C9-4119-9E4C-F4D2E5A3C313}.Release|Any CPU.ActiveCfg = Release|Any CPU
		{697D470D-89C9-4119-9E4C-F4D2E5A3C313}.Release|Any CPU.Build.0 = Release|Any CPU
	EndGlobalSection
	GlobalSection(SolutionProperties) = preSolution
		HideSolutionNode = FALSE
	EndGlobalSection
	GlobalSection(ExtensibilityGlobals) = postSolution
		SolutionGuid = {39EA3341-161D-4DE0-8A0D-F93178600999}
	EndGlobalSection
EndGlobal
